// !$*UTF8*$!
{
	archiveVersion = 1;
	classes = {
	};
	objectVersion = 56;
	objects = {

/* Begin PBXBuildFile section */
		D336FA3029A071A400200E36 /* Color+Extension.swift in Sources */ = {isa = PBXBuildFile; fileRef = D336FA2F29A071A400200E36 /* Color+Extension.swift */; };
		D336FA3329A0822A00200E36 /* ReminderTableViewCell.swift in Sources */ = {isa = PBXBuildFile; fileRef = D336FA3129A0822A00200E36 /* ReminderTableViewCell.swift */; };
		D336FA3429A0822A00200E36 /* ReminderTableViewCell.xib in Resources */ = {isa = PBXBuildFile; fileRef = D336FA3229A0822A00200E36 /* ReminderTableViewCell.xib */; };
		D336FA3B29A093EE00200E36 /* AudioNote_TableViewCell.swift in Sources */ = {isa = PBXBuildFile; fileRef = D336FA3929A093EE00200E36 /* AudioNote_TableViewCell.swift */; };
		D336FA3C29A093EE00200E36 /* AudioNote_TableViewCell.xib in Resources */ = {isa = PBXBuildFile; fileRef = D336FA3A29A093EE00200E36 /* AudioNote_TableViewCell.xib */; };
		D37256B4299FA1170056AD28 /* AppDelegate.swift in Sources */ = {isa = PBXBuildFile; fileRef = D37256B3299FA1170056AD28 /* AppDelegate.swift */; };
		D37256B6299FA1170056AD28 /* SceneDelegate.swift in Sources */ = {isa = PBXBuildFile; fileRef = D37256B5299FA1170056AD28 /* SceneDelegate.swift */; };
		D37256B8299FA1170056AD28 /* ViewController.swift in Sources */ = {isa = PBXBuildFile; fileRef = D37256B7299FA1170056AD28 /* ViewController.swift */; };
		D37256BD299FA1180056AD28 /* Assets.xcassets in Resources */ = {isa = PBXBuildFile; fileRef = D37256BC299FA1180056AD28 /* Assets.xcassets */; };
		D37256CB299FA1180056AD28 /* Note_WithUIKitTests.swift in Sources */ = {isa = PBXBuildFile; fileRef = D37256CA299FA1180056AD28 /* Note_WithUIKitTests.swift */; };
		D37256D5299FA1180056AD28 /* Note_WithUIKitUITests.swift in Sources */ = {isa = PBXBuildFile; fileRef = D37256D4299FA1180056AD28 /* Note_WithUIKitUITests.swift */; };
		D37256D7299FA1180056AD28 /* Note_WithUIKitUITestsLaunchTests.swift in Sources */ = {isa = PBXBuildFile; fileRef = D37256D6299FA1180056AD28 /* Note_WithUIKitUITestsLaunchTests.swift */; };
		D37256E5299FA47E0056AD28 /* WelcomeViewController.swift in Sources */ = {isa = PBXBuildFile; fileRef = D37256E3299FA47E0056AD28 /* WelcomeViewController.swift */; };
		D37256E6299FA47E0056AD28 /* WelcomeViewController.xib in Resources */ = {isa = PBXBuildFile; fileRef = D37256E4299FA47E0056AD28 /* WelcomeViewController.xib */; };
		D37256EA299FA5370056AD28 /* Main.storyboard in Resources */ = {isa = PBXBuildFile; fileRef = D37256E9299FA5370056AD28 /* Main.storyboard */; };
		D37256EF299FA55F0056AD28 /* HomeViewController.swift in Sources */ = {isa = PBXBuildFile; fileRef = D37256ED299FA55F0056AD28 /* HomeViewController.swift */; };
		D37256F0299FA55F0056AD28 /* HomeViewController.xib in Resources */ = {isa = PBXBuildFile; fileRef = D37256EE299FA55F0056AD28 /* HomeViewController.xib */; };
		D37256F3299FA9050056AD28 /* ImageNoteTableViewCell.swift in Sources */ = {isa = PBXBuildFile; fileRef = D37256F1299FA9050056AD28 /* ImageNoteTableViewCell.swift */; };
		D37256F4299FA9050056AD28 /* ImageNoteTableViewCell.xib in Resources */ = {isa = PBXBuildFile; fileRef = D37256F2299FA9050056AD28 /* ImageNoteTableViewCell.xib */; };
		D37471F629A3001800A16F50 /* Note.swift in Sources */ = {isa = PBXBuildFile; fileRef = D37471F529A3001800A16F50 /* Note.swift */; };
		D37471F829A3078900A16F50 /* UITableViewCell+Extension.swift in Sources */ = {isa = PBXBuildFile; fileRef = D37471F729A3078900A16F50 /* UITableViewCell+Extension.swift */; };
		D37471FA29A3081600A16F50 /* UITableView+Extension.swift in Sources */ = {isa = PBXBuildFile; fileRef = D37471F929A3081600A16F50 /* UITableView+Extension.swift */; };
		D37471FD29A3212100A16F50 /* NewNoteViewController.swift in Sources */ = {isa = PBXBuildFile; fileRef = D37471FB29A3212100A16F50 /* NewNoteViewController.swift */; };
		D37471FE29A3212100A16F50 /* NewNoteViewController.xib in Resources */ = {isa = PBXBuildFile; fileRef = D37471FC29A3212100A16F50 /* NewNoteViewController.xib */; };
		D374720029A36DC100A16F50 /* UICollectionView+Extension.swift in Sources */ = {isa = PBXBuildFile; fileRef = D37471FF29A36DC100A16F50 /* UICollectionView+Extension.swift */; };
		D374720229A36FD200A16F50 /* UICollectionViewCell+Extension.swift in Sources */ = {isa = PBXBuildFile; fileRef = D374720129A36FD200A16F50 /* UICollectionViewCell+Extension.swift */; };
		D3E238D329A1D164004E962B /* NoteTypeCollectionViewCell.swift in Sources */ = {isa = PBXBuildFile; fileRef = D3E238D129A1D164004E962B /* NoteTypeCollectionViewCell.swift */; };
		D3E238D429A1D164004E962B /* NoteTypeCollectionViewCell.xib in Resources */ = {isa = PBXBuildFile; fileRef = D3E238D229A1D164004E962B /* NoteTypeCollectionViewCell.xib */; };
		D3E238D829A1DE58004E962B /* NoteTypeCollectionViewController.swift in Sources */ = {isa = PBXBuildFile; fileRef = D3E238D729A1DE58004E962B /* NoteTypeCollectionViewController.swift */; };
/* End PBXBuildFile section */

/* Begin PBXContainerItemProxy section */
		D37256C7299FA1180056AD28 /* PBXContainerItemProxy */ = {
			isa = PBXContainerItemProxy;
			containerPortal = D37256A8299FA1170056AD28 /* Project object */;
			proxyType = 1;
			remoteGlobalIDString = D37256AF299FA1170056AD28;
			remoteInfo = Note_WithUIKit;
		};
		D37256D1299FA1180056AD28 /* PBXContainerItemProxy */ = {
			isa = PBXContainerItemProxy;
			containerPortal = D37256A8299FA1170056AD28 /* Project object */;
			proxyType = 1;
			remoteGlobalIDString = D37256AF299FA1170056AD28;
			remoteInfo = Note_WithUIKit;
		};
/* End PBXContainerItemProxy section */

/* Begin PBXFileReference section */
		D336FA2F29A071A400200E36 /* Color+Extension.swift */ = {isa = PBXFileReference; fileEncoding = 4; lastKnownFileType = sourcecode.swift; path = "Color+Extension.swift"; sourceTree = "<group>"; };
		D336FA3129A0822A00200E36 /* ReminderTableViewCell.swift */ = {isa = PBXFileReference; lastKnownFileType = sourcecode.swift; path = ReminderTableViewCell.swift; sourceTree = "<group>"; };
		D336FA3229A0822A00200E36 /* ReminderTableViewCell.xib */ = {isa = PBXFileReference; lastKnownFileType = file.xib; path = ReminderTableViewCell.xib; sourceTree = "<group>"; };
		D336FA3929A093EE00200E36 /* AudioNote_TableViewCell.swift */ = {isa = PBXFileReference; lastKnownFileType = sourcecode.swift; path = AudioNote_TableViewCell.swift; sourceTree = "<group>"; };
		D336FA3A29A093EE00200E36 /* AudioNote_TableViewCell.xib */ = {isa = PBXFileReference; lastKnownFileType = file.xib; path = AudioNote_TableViewCell.xib; sourceTree = "<group>"; };
		D37256B0299FA1170056AD28 /* Note_WithUIKit.app */ = {isa = PBXFileReference; explicitFileType = wrapper.application; includeInIndex = 0; path = Note_WithUIKit.app; sourceTree = BUILT_PRODUCTS_DIR; };
		D37256B3299FA1170056AD28 /* AppDelegate.swift */ = {isa = PBXFileReference; lastKnownFileType = sourcecode.swift; path = AppDelegate.swift; sourceTree = "<group>"; };
		D37256B5299FA1170056AD28 /* SceneDelegate.swift */ = {isa = PBXFileReference; lastKnownFileType = sourcecode.swift; path = SceneDelegate.swift; sourceTree = "<group>"; };
		D37256B7299FA1170056AD28 /* ViewController.swift */ = {isa = PBXFileReference; lastKnownFileType = sourcecode.swift; path = ViewController.swift; sourceTree = "<group>"; };
		D37256BC299FA1180056AD28 /* Assets.xcassets */ = {isa = PBXFileReference; lastKnownFileType = folder.assetcatalog; path = Assets.xcassets; sourceTree = "<group>"; };
		D37256C1299FA1180056AD28 /* Info.plist */ = {isa = PBXFileReference; lastKnownFileType = text.plist.xml; path = Info.plist; sourceTree = "<group>"; };
		D37256C6299FA1180056AD28 /* Note_WithUIKitTests.xctest */ = {isa = PBXFileReference; explicitFileType = wrapper.cfbundle; includeInIndex = 0; path = Note_WithUIKitTests.xctest; sourceTree = BUILT_PRODUCTS_DIR; };
		D37256CA299FA1180056AD28 /* Note_WithUIKitTests.swift */ = {isa = PBXFileReference; lastKnownFileType = sourcecode.swift; path = Note_WithUIKitTests.swift; sourceTree = "<group>"; };
		D37256D0299FA1180056AD28 /* Note_WithUIKitUITests.xctest */ = {isa = PBXFileReference; explicitFileType = wrapper.cfbundle; includeInIndex = 0; path = Note_WithUIKitUITests.xctest; sourceTree = BUILT_PRODUCTS_DIR; };
		D37256D4299FA1180056AD28 /* Note_WithUIKitUITests.swift */ = {isa = PBXFileReference; lastKnownFileType = sourcecode.swift; path = Note_WithUIKitUITests.swift; sourceTree = "<group>"; };
		D37256D6299FA1180056AD28 /* Note_WithUIKitUITestsLaunchTests.swift */ = {isa = PBXFileReference; lastKnownFileType = sourcecode.swift; path = Note_WithUIKitUITestsLaunchTests.swift; sourceTree = "<group>"; };
		D37256E3299FA47E0056AD28 /* WelcomeViewController.swift */ = {isa = PBXFileReference; lastKnownFileType = sourcecode.swift; path = WelcomeViewController.swift; sourceTree = "<group>"; };
		D37256E4299FA47E0056AD28 /* WelcomeViewController.xib */ = {isa = PBXFileReference; lastKnownFileType = file.xib; path = WelcomeViewController.xib; sourceTree = "<group>"; };
		D37256E9299FA5370056AD28 /* Main.storyboard */ = {isa = PBXFileReference; fileEncoding = 4; lastKnownFileType = file.storyboard; path = Main.storyboard; sourceTree = "<group>"; };
		D37256ED299FA55F0056AD28 /* HomeViewController.swift */ = {isa = PBXFileReference; lastKnownFileType = sourcecode.swift; path = HomeViewController.swift; sourceTree = "<group>"; };
		D37256EE299FA55F0056AD28 /* HomeViewController.xib */ = {isa = PBXFileReference; lastKnownFileType = file.xib; path = HomeViewController.xib; sourceTree = "<group>"; };
		D37256F1299FA9050056AD28 /* ImageNoteTableViewCell.swift */ = {isa = PBXFileReference; lastKnownFileType = sourcecode.swift; path = ImageNoteTableViewCell.swift; sourceTree = "<group>"; };
		D37256F2299FA9050056AD28 /* ImageNoteTableViewCell.xib */ = {isa = PBXFileReference; lastKnownFileType = file.xib; path = ImageNoteTableViewCell.xib; sourceTree = "<group>"; };
		D37471F529A3001800A16F50 /* Note.swift */ = {isa = PBXFileReference; lastKnownFileType = sourcecode.swift; path = Note.swift; sourceTree = "<group>"; };
		D37471F729A3078900A16F50 /* UITableViewCell+Extension.swift */ = {isa = PBXFileReference; lastKnownFileType = sourcecode.swift; path = "UITableViewCell+Extension.swift"; sourceTree = "<group>"; };
		D37471F929A3081600A16F50 /* UITableView+Extension.swift */ = {isa = PBXFileReference; lastKnownFileType = sourcecode.swift; path = "UITableView+Extension.swift"; sourceTree = "<group>"; };
		D37471FB29A3212100A16F50 /* NewNoteViewController.swift */ = {isa = PBXFileReference; lastKnownFileType = sourcecode.swift; path = NewNoteViewController.swift; sourceTree = "<group>"; };
		D37471FC29A3212100A16F50 /* NewNoteViewController.xib */ = {isa = PBXFileReference; lastKnownFileType = file.xib; path = NewNoteViewController.xib; sourceTree = "<group>"; };
		D37471FF29A36DC100A16F50 /* UICollectionView+Extension.swift */ = {isa = PBXFileReference; lastKnownFileType = sourcecode.swift; path = "UICollectionView+Extension.swift"; sourceTree = "<group>"; };
		D374720129A36FD200A16F50 /* UICollectionViewCell+Extension.swift */ = {isa = PBXFileReference; lastKnownFileType = sourcecode.swift; path = "UICollectionViewCell+Extension.swift"; sourceTree = "<group>"; };
		D3E238D129A1D164004E962B /* NoteTypeCollectionViewCell.swift */ = {isa = PBXFileReference; lastKnownFileType = sourcecode.swift; path = NoteTypeCollectionViewCell.swift; sourceTree = "<group>"; };
		D3E238D229A1D164004E962B /* NoteTypeCollectionViewCell.xib */ = {isa = PBXFileReference; lastKnownFileType = file.xib; path = NoteTypeCollectionViewCell.xib; sourceTree = "<group>"; };
		D3E238D729A1DE58004E962B /* NoteTypeCollectionViewController.swift */ = {isa = PBXFileReference; lastKnownFileType = sourcecode.swift; path = NoteTypeCollectionViewController.swift; sourceTree = "<group>"; };
/* End PBXFileReference section */

/* Begin PBXFrameworksBuildPhase section */
		D37256AD299FA1170056AD28 /* Frameworks */ = {
			isa = PBXFrameworksBuildPhase;
			buildActionMask = 2147483647;
			files = (
			);
			runOnlyForDeploymentPostprocessing = 0;
		};
		D37256C3299FA1180056AD28 /* Frameworks */ = {
			isa = PBXFrameworksBuildPhase;
			buildActionMask = 2147483647;
			files = (
			);
			runOnlyForDeploymentPostprocessing = 0;
		};
		D37256CD299FA1180056AD28 /* Frameworks */ = {
			isa = PBXFrameworksBuildPhase;
			buildActionMask = 2147483647;
			files = (
			);
			runOnlyForDeploymentPostprocessing = 0;
		};
/* End PBXFrameworksBuildPhase section */

/* Begin PBXGroup section */
		D37256A7299FA1170056AD28 = {
			isa = PBXGroup;
			children = (
				D37256B2299FA1170056AD28 /* Note_WithUIKit */,
				D37256C9299FA1180056AD28 /* Note_WithUIKitTests */,
				D37256D3299FA1180056AD28 /* Note_WithUIKitUITests */,
				D37256B1299FA1170056AD28 /* Products */,
			);
			sourceTree = "<group>";
		};
		D37256B1299FA1170056AD28 /* Products */ = {
			isa = PBXGroup;
			children = (
				D37256B0299FA1170056AD28 /* Note_WithUIKit.app */,
				D37256C6299FA1180056AD28 /* Note_WithUIKitTests.xctest */,
				D37256D0299FA1180056AD28 /* Note_WithUIKitUITests.xctest */,
			);
			name = Products;
			sourceTree = "<group>";
		};
		D37256B2299FA1170056AD28 /* Note_WithUIKit */ = {
			isa = PBXGroup;
			children = (
				D3BE051E29A06E7000534F4F /* Common */,
				D37256B3299FA1170056AD28 /* AppDelegate.swift */,
				D37256B5299FA1170056AD28 /* SceneDelegate.swift */,
				D37256B7299FA1170056AD28 /* ViewController.swift */,
				D37256E3299FA47E0056AD28 /* WelcomeViewController.swift */,
				D37256E4299FA47E0056AD28 /* WelcomeViewController.xib */,
				D37471F529A3001800A16F50 /* Note.swift */,
				D3E238D729A1DE58004E962B /* NoteTypeCollectionViewController.swift */,
				D3E238D129A1D164004E962B /* NoteTypeCollectionViewCell.swift */,
				D3E238D229A1D164004E962B /* NoteTypeCollectionViewCell.xib */,
				D37256ED299FA55F0056AD28 /* HomeViewController.swift */,
				D37256EE299FA55F0056AD28 /* HomeViewController.xib */,
				D336FA3929A093EE00200E36 /* AudioNote_TableViewCell.swift */,
				D336FA3A29A093EE00200E36 /* AudioNote_TableViewCell.xib */,
				D37256F1299FA9050056AD28 /* ImageNoteTableViewCell.swift */,
				D37256F2299FA9050056AD28 /* ImageNoteTableViewCell.xib */,
				D37471FB29A3212100A16F50 /* NewNoteViewController.swift */,
				D37471FC29A3212100A16F50 /* NewNoteViewController.xib */,
				D336FA3129A0822A00200E36 /* ReminderTableViewCell.swift */,
				D336FA3229A0822A00200E36 /* ReminderTableViewCell.xib */,
				D37256E9299FA5370056AD28 /* Main.storyboard */,
				D37256BC299FA1180056AD28 /* Assets.xcassets */,
				D37256C1299FA1180056AD28 /* Info.plist */,
			);
			path = Note_WithUIKit;
			sourceTree = "<group>";
		};
		D37256C9299FA1180056AD28 /* Note_WithUIKitTests */ = {
			isa = PBXGroup;
			children = (
				D37256CA299FA1180056AD28 /* Note_WithUIKitTests.swift */,
			);
			path = Note_WithUIKitTests;
			sourceTree = "<group>";
		};
		D37256D3299FA1180056AD28 /* Note_WithUIKitUITests */ = {
			isa = PBXGroup;
			children = (
				D37256D4299FA1180056AD28 /* Note_WithUIKitUITests.swift */,
				D37256D6299FA1180056AD28 /* Note_WithUIKitUITestsLaunchTests.swift */,
			);
			path = Note_WithUIKitUITests;
			sourceTree = "<group>";
		};
		D3BE051E29A06E7000534F4F /* Common */ = {
			isa = PBXGroup;
			children = (
				D336FA2F29A071A400200E36 /* Color+Extension.swift */,
				D37471F729A3078900A16F50 /* UITableViewCell+Extension.swift */,
				D37471F929A3081600A16F50 /* UITableView+Extension.swift */,
				D374720129A36FD200A16F50 /* UICollectionViewCell+Extension.swift */,
				D37471FF29A36DC100A16F50 /* UICollectionView+Extension.swift */,
			);
			path = Common;
			sourceTree = "<group>";
		};
/* End PBXGroup section */

/* Begin PBXNativeTarget section */
		D37256AF299FA1170056AD28 /* Note_WithUIKit */ = {
			isa = PBXNativeTarget;
			buildConfigurationList = D37256DA299FA1180056AD28 /* Build configuration list for PBXNativeTarget "Note_WithUIKit" */;
			buildPhases = (
				D37256AC299FA1170056AD28 /* Sources */,
				D37256AD299FA1170056AD28 /* Frameworks */,
				D37256AE299FA1170056AD28 /* Resources */,
			);
			buildRules = (
			);
			dependencies = (
			);
			name = Note_WithUIKit;
			productName = Note_WithUIKit;
			productReference = D37256B0299FA1170056AD28 /* Note_WithUIKit.app */;
			productType = "com.apple.product-type.application";
		};
		D37256C5299FA1180056AD28 /* Note_WithUIKitTests */ = {
			isa = PBXNativeTarget;
			buildConfigurationList = D37256DD299FA1180056AD28 /* Build configuration list for PBXNativeTarget "Note_WithUIKitTests" */;
			buildPhases = (
				D37256C2299FA1180056AD28 /* Sources */,
				D37256C3299FA1180056AD28 /* Frameworks */,
				D37256C4299FA1180056AD28 /* Resources */,
			);
			buildRules = (
			);
			dependencies = (
				D37256C8299FA1180056AD28 /* PBXTargetDependency */,
			);
			name = Note_WithUIKitTests;
			productName = Note_WithUIKitTests;
			productReference = D37256C6299FA1180056AD28 /* Note_WithUIKitTests.xctest */;
			productType = "com.apple.product-type.bundle.unit-test";
		};
		D37256CF299FA1180056AD28 /* Note_WithUIKitUITests */ = {
			isa = PBXNativeTarget;
			buildConfigurationList = D37256E0299FA1180056AD28 /* Build configuration list for PBXNativeTarget "Note_WithUIKitUITests" */;
			buildPhases = (
				D37256CC299FA1180056AD28 /* Sources */,
				D37256CD299FA1180056AD28 /* Frameworks */,
				D37256CE299FA1180056AD28 /* Resources */,
			);
			buildRules = (
			);
			dependencies = (
				D37256D2299FA1180056AD28 /* PBXTargetDependency */,
			);
			name = Note_WithUIKitUITests;
			productName = Note_WithUIKitUITests;
			productReference = D37256D0299FA1180056AD28 /* Note_WithUIKitUITests.xctest */;
			productType = "com.apple.product-type.bundle.ui-testing";
		};
/* End PBXNativeTarget section */

/* Begin PBXProject section */
		D37256A8299FA1170056AD28 /* Project object */ = {
			isa = PBXProject;
			attributes = {
				BuildIndependentTargetsInParallel = 1;
				LastSwiftUpdateCheck = 1420;
				LastUpgradeCheck = 1420;
				TargetAttributes = {
					D37256AF299FA1170056AD28 = {
						CreatedOnToolsVersion = 14.2;
					};
					D37256C5299FA1180056AD28 = {
						CreatedOnToolsVersion = 14.2;
						TestTargetID = D37256AF299FA1170056AD28;
					};
					D37256CF299FA1180056AD28 = {
						CreatedOnToolsVersion = 14.2;
						TestTargetID = D37256AF299FA1170056AD28;
					};
				};
			};
			buildConfigurationList = D37256AB299FA1170056AD28 /* Build configuration list for PBXProject "Note_WithUIKit" */;
			compatibilityVersion = "Xcode 14.0";
			developmentRegion = en;
			hasScannedForEncodings = 0;
			knownRegions = (
				en,
				Base,
			);
			mainGroup = D37256A7299FA1170056AD28;
			productRefGroup = D37256B1299FA1170056AD28 /* Products */;
			projectDirPath = "";
			projectRoot = "";
			targets = (
				D37256AF299FA1170056AD28 /* Note_WithUIKit */,
				D37256C5299FA1180056AD28 /* Note_WithUIKitTests */,
				D37256CF299FA1180056AD28 /* Note_WithUIKitUITests */,
			);
		};
/* End PBXProject section */

/* Begin PBXResourcesBuildPhase section */
		D37256AE299FA1170056AD28 /* Resources */ = {
			isa = PBXResourcesBuildPhase;
			buildActionMask = 2147483647;
			files = (
				D37256EA299FA5370056AD28 /* Main.storyboard in Resources */,
				D336FA3C29A093EE00200E36 /* AudioNote_TableViewCell.xib in Resources */,
				D3E238D429A1D164004E962B /* NoteTypeCollectionViewCell.xib in Resources */,
				D37256F4299FA9050056AD28 /* ImageNoteTableViewCell.xib in Resources */,
				D37256E6299FA47E0056AD28 /* WelcomeViewController.xib in Resources */,
				D37256BD299FA1180056AD28 /* Assets.xcassets in Resources */,
				D37256F0299FA55F0056AD28 /* HomeViewController.xib in Resources */,
				D336FA3429A0822A00200E36 /* ReminderTableViewCell.xib in Resources */,
				D37471FE29A3212100A16F50 /* NewNoteViewController.xib in Resources */,
			);
			runOnlyForDeploymentPostprocessing = 0;
		};
		D37256C4299FA1180056AD28 /* Resources */ = {
			isa = PBXResourcesBuildPhase;
			buildActionMask = 2147483647;
			files = (
			);
			runOnlyForDeploymentPostprocessing = 0;
		};
		D37256CE299FA1180056AD28 /* Resources */ = {
			isa = PBXResourcesBuildPhase;
			buildActionMask = 2147483647;
			files = (
			);
			runOnlyForDeploymentPostprocessing = 0;
		};
/* End PBXResourcesBuildPhase section */

/* Begin PBXSourcesBuildPhase section */
		D37256AC299FA1170056AD28 /* Sources */ = {
			isa = PBXSourcesBuildPhase;
			buildActionMask = 2147483647;
			files = (
				D374720029A36DC100A16F50 /* UICollectionView+Extension.swift in Sources */,
				D37471F829A3078900A16F50 /* UITableViewCell+Extension.swift in Sources */,
				D37256EF299FA55F0056AD28 /* HomeViewController.swift in Sources */,
				D3E238D829A1DE58004E962B /* NoteTypeCollectionViewController.swift in Sources */,
				D336FA3029A071A400200E36 /* Color+Extension.swift in Sources */,
				D37256F3299FA9050056AD28 /* ImageNoteTableViewCell.swift in Sources */,
				D37256B8299FA1170056AD28 /* ViewController.swift in Sources */,
				D37256E5299FA47E0056AD28 /* WelcomeViewController.swift in Sources */,
				D37471FD29A3212100A16F50 /* NewNoteViewController.swift in Sources */,
				D3E238D329A1D164004E962B /* NoteTypeCollectionViewCell.swift in Sources */,
				D37256B4299FA1170056AD28 /* AppDelegate.swift in Sources */,
				D37471F629A3001800A16F50 /* Note.swift in Sources */,
				D336FA3B29A093EE00200E36 /* AudioNote_TableViewCell.swift in Sources */,
				D37256B6299FA1170056AD28 /* SceneDelegate.swift in Sources */,
				D374720229A36FD200A16F50 /* UICollectionViewCell+Extension.swift in Sources */,
				D336FA3329A0822A00200E36 /* ReminderTableViewCell.swift in Sources */,
				D37471FA29A3081600A16F50 /* UITableView+Extension.swift in Sources */,
			);
			runOnlyForDeploymentPostprocessing = 0;
		};
		D37256C2299FA1180056AD28 /* Sources */ = {
			isa = PBXSourcesBuildPhase;
			buildActionMask = 2147483647;
			files = (
				D37256CB299FA1180056AD28 /* Note_WithUIKitTests.swift in Sources */,
			);
			runOnlyForDeploymentPostprocessing = 0;
		};
		D37256CC299FA1180056AD28 /* Sources */ = {
			isa = PBXSourcesBuildPhase;
			buildActionMask = 2147483647;
			files = (
				D37256D5299FA1180056AD28 /* Note_WithUIKitUITests.swift in Sources */,
				D37256D7299FA1180056AD28 /* Note_WithUIKitUITestsLaunchTests.swift in Sources */,
			);
			runOnlyForDeploymentPostprocessing = 0;
		};
/* End PBXSourcesBuildPhase section */

/* Begin PBXTargetDependency section */
		D37256C8299FA1180056AD28 /* PBXTargetDependency */ = {
			isa = PBXTargetDependency;
			target = D37256AF299FA1170056AD28 /* Note_WithUIKit */;
			targetProxy = D37256C7299FA1180056AD28 /* PBXContainerItemProxy */;
		};
		D37256D2299FA1180056AD28 /* PBXTargetDependency */ = {
			isa = PBXTargetDependency;
			target = D37256AF299FA1170056AD28 /* Note_WithUIKit */;
			targetProxy = D37256D1299FA1180056AD28 /* PBXContainerItemProxy */;
		};
/* End PBXTargetDependency section */

/* Begin XCBuildConfiguration section */
		D37256D8299FA1180056AD28 /* Debug */ = {
			isa = XCBuildConfiguration;
			buildSettings = {
				ALWAYS_SEARCH_USER_PATHS = NO;
				CLANG_ANALYZER_NONNULL = YES;
				CLANG_ANALYZER_NUMBER_OBJECT_CONVERSION = YES_AGGRESSIVE;
				CLANG_CXX_LANGUAGE_STANDARD = "gnu++20";
				CLANG_ENABLE_MODULES = YES;
				CLANG_ENABLE_OBJC_ARC = YES;
				CLANG_ENABLE_OBJC_WEAK = YES;
				CLANG_WARN_BLOCK_CAPTURE_AUTORELEASING = YES;
				CLANG_WARN_BOOL_CONVERSION = YES;
				CLANG_WARN_COMMA = YES;
				CLANG_WARN_CONSTANT_CONVERSION = YES;
				CLANG_WARN_DEPRECATED_OBJC_IMPLEMENTATIONS = YES;
				CLANG_WARN_DIRECT_OBJC_ISA_USAGE = YES_ERROR;
				CLANG_WARN_DOCUMENTATION_COMMENTS = YES;
				CLANG_WARN_EMPTY_BODY = YES;
				CLANG_WARN_ENUM_CONVERSION = YES;
				CLANG_WARN_INFINITE_RECURSION = YES;
				CLANG_WARN_INT_CONVERSION = YES;
				CLANG_WARN_NON_LITERAL_NULL_CONVERSION = YES;
				CLANG_WARN_OBJC_IMPLICIT_RETAIN_SELF = YES;
				CLANG_WARN_OBJC_LITERAL_CONVERSION = YES;
				CLANG_WARN_OBJC_ROOT_CLASS = YES_ERROR;
				CLANG_WARN_QUOTED_INCLUDE_IN_FRAMEWORK_HEADER = YES;
				CLANG_WARN_RANGE_LOOP_ANALYSIS = YES;
				CLANG_WARN_STRICT_PROTOTYPES = YES;
				CLANG_WARN_SUSPICIOUS_MOVE = YES;
				CLANG_WARN_UNGUARDED_AVAILABILITY = YES_AGGRESSIVE;
				CLANG_WARN_UNREACHABLE_CODE = YES;
				CLANG_WARN__DUPLICATE_METHOD_MATCH = YES;
				COPY_PHASE_STRIP = NO;
				DEBUG_INFORMATION_FORMAT = dwarf;
				ENABLE_STRICT_OBJC_MSGSEND = YES;
				ENABLE_TESTABILITY = YES;
				GCC_C_LANGUAGE_STANDARD = gnu11;
				GCC_DYNAMIC_NO_PIC = NO;
				GCC_NO_COMMON_BLOCKS = YES;
				GCC_OPTIMIZATION_LEVEL = 0;
				GCC_PREPROCESSOR_DEFINITIONS = (
					"DEBUG=1",
					"$(inherited)",
				);
				GCC_WARN_64_TO_32_BIT_CONVERSION = YES;
				GCC_WARN_ABOUT_RETURN_TYPE = YES_ERROR;
				GCC_WARN_UNDECLARED_SELECTOR = YES;
				GCC_WARN_UNINITIALIZED_AUTOS = YES_AGGRESSIVE;
				GCC_WARN_UNUSED_FUNCTION = YES;
				GCC_WARN_UNUSED_VARIABLE = YES;
				IPHONEOS_DEPLOYMENT_TARGET = 16.2;
				MTL_ENABLE_DEBUG_INFO = INCLUDE_SOURCE;
				MTL_FAST_MATH = YES;
				ONLY_ACTIVE_ARCH = YES;
				SDKROOT = iphoneos;
				SWIFT_ACTIVE_COMPILATION_CONDITIONS = DEBUG;
				SWIFT_OPTIMIZATION_LEVEL = "-Onone";
			};
			name = Debug;
		};
		D37256D9299FA1180056AD28 /* Release */ = {
			isa = XCBuildConfiguration;
			buildSettings = {
				ALWAYS_SEARCH_USER_PATHS = NO;
				CLANG_ANALYZER_NONNULL = YES;
				CLANG_ANALYZER_NUMBER_OBJECT_CONVERSION = YES_AGGRESSIVE;
				CLANG_CXX_LANGUAGE_STANDARD = "gnu++20";
				CLANG_ENABLE_MODULES = YES;
				CLANG_ENABLE_OBJC_ARC = YES;
				CLANG_ENABLE_OBJC_WEAK = YES;
				CLANG_WARN_BLOCK_CAPTURE_AUTORELEASING = YES;
				CLANG_WARN_BOOL_CONVERSION = YES;
				CLANG_WARN_COMMA = YES;
				CLANG_WARN_CONSTANT_CONVERSION = YES;
				CLANG_WARN_DEPRECATED_OBJC_IMPLEMENTATIONS = YES;
				CLANG_WARN_DIRECT_OBJC_ISA_USAGE = YES_ERROR;
				CLANG_WARN_DOCUMENTATION_COMMENTS = YES;
				CLANG_WARN_EMPTY_BODY = YES;
				CLANG_WARN_ENUM_CONVERSION = YES;
				CLANG_WARN_INFINITE_RECURSION = YES;
				CLANG_WARN_INT_CONVERSION = YES;
				CLANG_WARN_NON_LITERAL_NULL_CONVERSION = YES;
				CLANG_WARN_OBJC_IMPLICIT_RETAIN_SELF = YES;
				CLANG_WARN_OBJC_LITERAL_CONVERSION = YES;
				CLANG_WARN_OBJC_ROOT_CLASS = YES_ERROR;
				CLANG_WARN_QUOTED_INCLUDE_IN_FRAMEWORK_HEADER = YES;
				CLANG_WARN_RANGE_LOOP_ANALYSIS = YES;
				CLANG_WARN_STRICT_PROTOTYPES = YES;
				CLANG_WARN_SUSPICIOUS_MOVE = YES;
				CLANG_WARN_UNGUARDED_AVAILABILITY = YES_AGGRESSIVE;
				CLANG_WARN_UNREACHABLE_CODE = YES;
				CLANG_WARN__DUPLICATE_METHOD_MATCH = YES;
				COPY_PHASE_STRIP = NO;
				DEBUG_INFORMATION_FORMAT = "dwarf-with-dsym";
				ENABLE_NS_ASSERTIONS = NO;
				ENABLE_STRICT_OBJC_MSGSEND = YES;
				GCC_C_LANGUAGE_STANDARD = gnu11;
				GCC_NO_COMMON_BLOCKS = YES;
				GCC_WARN_64_TO_32_BIT_CONVERSION = YES;
				GCC_WARN_ABOUT_RETURN_TYPE = YES_ERROR;
				GCC_WARN_UNDECLARED_SELECTOR = YES;
				GCC_WARN_UNINITIALIZED_AUTOS = YES_AGGRESSIVE;
				GCC_WARN_UNUSED_FUNCTION = YES;
				GCC_WARN_UNUSED_VARIABLE = YES;
				IPHONEOS_DEPLOYMENT_TARGET = 16.2;
				MTL_ENABLE_DEBUG_INFO = NO;
				MTL_FAST_MATH = YES;
				SDKROOT = iphoneos;
				SWIFT_COMPILATION_MODE = wholemodule;
				SWIFT_OPTIMIZATION_LEVEL = "-O";
				VALIDATE_PRODUCT = YES;
			};
			name = Release;
		};
		D37256DB299FA1180056AD28 /* Debug */ = {
			isa = XCBuildConfiguration;
			buildSettings = {
				ASSETCATALOG_COMPILER_APPICON_NAME = AppIcon;
				ASSETCATALOG_COMPILER_GLOBAL_ACCENT_COLOR_NAME = AccentColor;
				CODE_SIGN_STYLE = Automatic;
				CURRENT_PROJECT_VERSION = 1;
				DEVELOPMENT_TEAM = U496GYFZ39;
				GENERATE_INFOPLIST_FILE = YES;
				INFOPLIST_FILE = Note_WithUIKit/Info.plist;
				INFOPLIST_KEY_UIApplicationSupportsIndirectInputEvents = YES;
				INFOPLIST_KEY_UILaunchStoryboardName = LaunchScreen;
				INFOPLIST_KEY_UISupportedInterfaceOrientations_iPad = "UIInterfaceOrientationPortrait UIInterfaceOrientationPortraitUpsideDown UIInterfaceOrientationLandscapeLeft UIInterfaceOrientationLandscapeRight";
				INFOPLIST_KEY_UISupportedInterfaceOrientations_iPhone = "UIInterfaceOrientationPortrait UIInterfaceOrientationLandscapeLeft UIInterfaceOrientationLandscapeRight";
				LD_RUNPATH_SEARCH_PATHS = (
					"$(inherited)",
					"@executable_path/Frameworks",
				);
				MARKETING_VERSION = 1.0;
				PRODUCT_BUNDLE_IDENTIFIER = "com.tedtya.Note-WithUIKit";
				PRODUCT_NAME = "$(TARGET_NAME)";
				SWIFT_EMIT_LOC_STRINGS = YES;
				SWIFT_VERSION = 5.0;
				TARGETED_DEVICE_FAMILY = "1,2";
			};
			name = Debug;
		};
		D37256DC299FA1180056AD28 /* Release */ = {
			isa = XCBuildConfiguration;
			buildSettings = {
				ASSETCATALOG_COMPILER_APPICON_NAME = AppIcon;
				ASSETCATALOG_COMPILER_GLOBAL_ACCENT_COLOR_NAME = AccentColor;
				CODE_SIGN_STYLE = Automatic;
				CURRENT_PROJECT_VERSION = 1;
				DEVELOPMENT_TEAM = U496GYFZ39;
				GENERATE_INFOPLIST_FILE = YES;
				INFOPLIST_FILE = Note_WithUIKit/Info.plist;
				INFOPLIST_KEY_UIApplicationSupportsIndirectInputEvents = YES;
				INFOPLIST_KEY_UILaunchStoryboardName = LaunchScreen;
				INFOPLIST_KEY_UISupportedInterfaceOrientations_iPad = "UIInterfaceOrientationPortrait UIInterfaceOrientationPortraitUpsideDown UIInterfaceOrientationLandscapeLeft UIInterfaceOrientationLandscapeRight";
				INFOPLIST_KEY_UISupportedInterfaceOrientations_iPhone = "UIInterfaceOrientationPortrait UIInterfaceOrientationLandscapeLeft UIInterfaceOrientationLandscapeRight";
				LD_RUNPATH_SEARCH_PATHS = (
					"$(inherited)",
					"@executable_path/Frameworks",
				);
				MARKETING_VERSION = 1.0;
				PRODUCT_BUNDLE_IDENTIFIER = "com.tedtya.Note-WithUIKit";
				PRODUCT_NAME = "$(TARGET_NAME)";
				SWIFT_EMIT_LOC_STRINGS = YES;
				SWIFT_VERSION = 5.0;
				TARGETED_DEVICE_FAMILY = "1,2";
			};
			name = Release;
		};
		D37256DE299FA1180056AD28 /* Debug */ = {
			isa = XCBuildConfiguration;
			buildSettings = {
				ALWAYS_EMBED_SWIFT_STANDARD_LIBRARIES = YES;
				BUNDLE_LOADER = "$(TEST_HOST)";
				CODE_SIGN_STYLE = Automatic;
				CURRENT_PROJECT_VERSION = 1;
				DEVELOPMENT_TEAM = U496GYFZ39;
				GENERATE_INFOPLIST_FILE = YES;
				IPHONEOS_DEPLOYMENT_TARGET = 16.2;
				MARKETING_VERSION = 1.0;
				PRODUCT_BUNDLE_IDENTIFIER = "com.tedtya.Note-WithUIKitTests";
				PRODUCT_NAME = "$(TARGET_NAME)";
				SWIFT_EMIT_LOC_STRINGS = NO;
				SWIFT_VERSION = 5.0;
				TARGETED_DEVICE_FAMILY = "1,2";
				TEST_HOST = "$(BUILT_PRODUCTS_DIR)/Note_WithUIKit.app/$(BUNDLE_EXECUTABLE_FOLDER_PATH)/Note_WithUIKit";
			};
			name = Debug;
		};
		D37256DF299FA1180056AD28 /* Release */ = {
			isa = XCBuildConfiguration;
			buildSettings = {
				ALWAYS_EMBED_SWIFT_STANDARD_LIBRARIES = YES;
				BUNDLE_LOADER = "$(TEST_HOST)";
				CODE_SIGN_STYLE = Automatic;
				CURRENT_PROJECT_VERSION = 1;
				DEVELOPMENT_TEAM = U496GYFZ39;
				GENERATE_INFOPLIST_FILE = YES;
				IPHONEOS_DEPLOYMENT_TARGET = 16.2;
				MARKETING_VERSION = 1.0;
				PRODUCT_BUNDLE_IDENTIFIER = "com.tedtya.Note-WithUIKitTests";
				PRODUCT_NAME = "$(TARGET_NAME)";
				SWIFT_EMIT_LOC_STRINGS = NO;
				SWIFT_VERSION = 5.0;
				TARGETED_DEVICE_FAMILY = "1,2";
				TEST_HOST = "$(BUILT_PRODUCTS_DIR)/Note_WithUIKit.app/$(BUNDLE_EXECUTABLE_FOLDER_PATH)/Note_WithUIKit";
			};
			name = Release;
		};
		D37256E1299FA1180056AD28 /* Debug */ = {
			isa = XCBuildConfiguration;
			buildSettings = {
				ALWAYS_EMBED_SWIFT_STANDARD_LIBRARIES = YES;
				CODE_SIGN_STYLE = Automatic;
				CURRENT_PROJECT_VERSION = 1;
				DEVELOPMENT_TEAM = U496GYFZ39;
				GENERATE_INFOPLIST_FILE = YES;
				MARKETING_VERSION = 1.0;
				PRODUCT_BUNDLE_IDENTIFIER = "com.tedtya.Note-WithUIKitUITests";
				PRODUCT_NAME = "$(TARGET_NAME)";
				SWIFT_EMIT_LOC_STRINGS = NO;
				SWIFT_VERSION = 5.0;
				TARGETED_DEVICE_FAMILY = "1,2";
				TEST_TARGET_NAME = Note_WithUIKit;
			};
			name = Debug;
		};
		D37256E2299FA1180056AD28 /* Release */ = {
			isa = XCBuildConfiguration;
			buildSettings = {
				ALWAYS_EMBED_SWIFT_STANDARD_LIBRARIES = YES;
				CODE_SIGN_STYLE = Automatic;
				CURRENT_PROJECT_VERSION = 1;
				DEVELOPMENT_TEAM = U496GYFZ39;
				GENERATE_INFOPLIST_FILE = YES;
				MARKETING_VERSION = 1.0;
				PRODUCT_BUNDLE_IDENTIFIER = "com.tedtya.Note-WithUIKitUITests";
				PRODUCT_NAME = "$(TARGET_NAME)";
				SWIFT_EMIT_LOC_STRINGS = NO;
				SWIFT_VERSION = 5.0;
				TARGETED_DEVICE_FAMILY = "1,2";
				TEST_TARGET_NAME = Note_WithUIKit;
			};
			name = Release;
		};
/* End XCBuildConfiguration section */

/* Begin XCConfigurationList section */
		D37256AB299FA1170056AD28 /* Build configuration list for PBXProject "Note_WithUIKit" */ = {
			isa = XCConfigurationList;
			buildConfigurations = (
				D37256D8299FA1180056AD28 /* Debug */,
				D37256D9299FA1180056AD28 /* Release */,
			);
			defaultConfigurationIsVisible = 0;
			defaultConfigurationName = Release;
		};
		D37256DA299FA1180056AD28 /* Build configuration list for PBXNativeTarget "Note_WithUIKit" */ = {
			isa = XCConfigurationList;
			buildConfigurations = (
				D37256DB299FA1180056AD28 /* Debug */,
				D37256DC299FA1180056AD28 /* Release */,
			);
			defaultConfigurationIsVisible = 0;
			defaultConfigurationName = Release;
		};
		D37256DD299FA1180056AD28 /* Build configuration list for PBXNativeTarget "Note_WithUIKitTests" */ = {
			isa = XCConfigurationList;
			buildConfigurations = (
				D37256DE299FA1180056AD28 /* Debug */,
				D37256DF299FA1180056AD28 /* Release */,
			);
			defaultConfigurationIsVisible = 0;
			defaultConfigurationName = Release;
		};
		D37256E0299FA1180056AD28 /* Build configuration list for PBXNativeTarget "Note_WithUIKitUITests" */ = {
			isa = XCConfigurationList;
			buildConfigurations = (
				D37256E1299FA1180056AD28 /* Debug */,
				D37256E2299FA1180056AD28 /* Release */,
			);
			defaultConfigurationIsVisible = 0;
			defaultConfigurationName = Release;
		};
/* End XCConfigurationList section */
	};
	rootObject = D37256A8299FA1170056AD28 /* Project object */;
}
